
Microsoft Visual Studio Solution File, Format Version 12.00
# Visual Studio 14
VisualStudioVersion = 14.0.25420.1
MinimumVisualStudioVersion = 10.0.40219.1
Project("{FAE04EC0-301F-11D3-BF4B-00C04F79EFBC}") = "LinkedInZIPParser.api", "LinkedInZIPParser.api\LinkedInZIPParser.api.csproj", "{00EAE989-F554-4D5E-9FFD-7A15557F209D}"
EndProject
Project("{FAE04EC0-301F-11D3-BF4B-00C04F79EFBC}") = "LinkedInZIPParser", "LinkedInZIPParser\LinkedInZIPParser.csproj", "{818D5EE6-93EE-439A-945B-B266CA295C5B}"
EndProject
Global
	GlobalSection(SolutionConfigurationPlatforms) = preSolution
		Debug|Any CPU = Debug|Any CPU
		Release|Any CPU = Release|Any CPU
	EndGlobalSection
	GlobalSection(ProjectConfigurationPlatforms) = postSolution
		{00EAE989-F554-4D5E-9FFD-7A15557F209D}.Debug|Any CPU.ActiveCfg = Debug|Any CPU
		{00EAE989-F554-4D5E-9FFD-7A15557F209D}.Debug|Any CPU.Build.0 = Debug|Any CPU
		{00EAE989-F554-4D5E-9FFD-7A15557F209D}.Release|Any CPU.ActiveCfg = Release|Any CPU
		{00EAE989-F554-4D5E-9FFD-7A15557F209D}.Release|Any CPU.Build.0 = Release|Any CPU
		{818D5EE6-93EE-439A-945B-B266CA295C5B}.Debug|Any CPU.ActiveCfg = Debug|Any CPU
		{818D5EE6-93EE-439A-945B-B266CA295C5B}.Debug|Any CPU.Build.0 = Debug|Any CPU
		{818D5EE6-93EE-439A-945B-B266CA295C5B}.Release|Any CPU.ActiveCfg = Release|Any CPU
		{818D5EE6-93EE-439A-945B-B266CA295C5B}.Release|Any CPU.Build.0 = Release|Any CPU
	EndGlobalSection
	GlobalSection(SolutionProperties) = preSolution
		HideSolutionNode = FALSE
	EndGlobalSection
EndGlobal
